
Microsoft Visual Studio Solution File, Format Version 12.00
# Visual Studio Version 17
VisualStudioVersion = 17.0.31903.59
MinimumVisualStudioVersion = 10.0.40219.1
Project("{2150E333-8FDC-42A3-9474-1A3956D46DE8}") = "src", "src", "{5AD00356-5D98-4E4F-90BC-6240E4AAF017}"
EndProject
Project("{F2A71F9B-5D33-465A-A702-920D77279786}") = "Escalier", "src\Escalier\Escalier.fsproj", "{ECDE29DB-D373-48EF-AAFB-5E74CC122047}"
EndProject
Project("{F2A71F9B-5D33-465A-A702-920D77279786}") = "Escalier.Data", "src\Escalier.Data\Escalier.Data.fsproj", "{291F2FF1-DBF2-4899-9464-829B198D16E4}"
EndProject
Project("{F2A71F9B-5D33-465A-A702-920D77279786}") = "Escalier.Parser", "src\Escalier.Parser\Escalier.Parser.fsproj", "{0CCF6B5E-D4C9-4E3B-8601-76747E8A8A05}"
EndProject
Project("{F2A71F9B-5D33-465A-A702-920D77279786}") = "Escalier.Parser.Tests", "src\Escalier.Parser.Tests\Escalier.Parser.Tests.fsproj", "{27EED578-24C8-4BAE-90C7-5376CE92E437}"
EndProject
Project("{F2A71F9B-5D33-465A-A702-920D77279786}") = "Escalier.TypeChecker", "src\Escalier.TypeChecker\Escalier.TypeChecker.fsproj", "{8AD7FF86-E483-42D0-A71D-52754B2BF3A5}"
EndProject
Project("{F2A71F9B-5D33-465A-A702-920D77279786}") = "Escalier.TypeChecker.Tests", "src\Escalier.TypeChecker.Tests\Escalier.TypeChecker.Tests.fsproj", "{F3784E73-1D13-4EAD-8D18-CD6BDF3BC69C}"
EndProject
Project("{F2A71F9B-5D33-465A-A702-920D77279786}") = "Escalier.Codegen", "src\Escalier.Codegen\Escalier.Codegen.fsproj", "{5D437CF2-4CBD-4912-8E49-5514E17A8511}"
EndProject
Project("{F2A71F9B-5D33-465A-A702-920D77279786}") = "Escalier.Codegen.Tests", "src\Escalier.Codegen.Tests\Escalier.Codegen.Tests.fsproj", "{50C20403-EB03-4D2B-941B-55320C1EB970}"
EndProject
Project("{F2A71F9B-5D33-465A-A702-920D77279786}") = "Escalier.Interop", "src\Escalier.Interop\Escalier.Interop.fsproj", "{4E47927A-D593-49B9-8A15-25093E115573}"
EndProject
Project("{F2A71F9B-5D33-465A-A702-920D77279786}") = "Escalier.Interop.Tests", "src\Escalier.Interop.Tests\Escalier.Interop.Tests.fsproj", "{84858565-B691-4B64-BD7E-F85A14806565}"
EndProject
Project("{F2A71F9B-5D33-465A-A702-920D77279786}") = "Escalier.Compiler", "src\Escalier.Compiler\Escalier.Compiler.fsproj", "{475E1222-521A-47EC-B92A-09804AD8744E}"
EndProject
Project("{F2A71F9B-5D33-465A-A702-920D77279786}") = "Escalier.Compiler.Tests", "src\Escalier.Compiler.Tests\Escalier.Compiler.Tests.fsproj", "{B8465F05-8A95-4AEE-8C55-0CB686CBD714}"
EndProject
Project("{F2A71F9B-5D33-465A-A702-920D77279786}") = "Escalier.GraphQL", "src\Escalier.GraphQL\Escalier.GraphQL.fsproj", "{5A9A2F15-3D6E-4DC1-A772-0BA009380BA8}"
EndProject
Project("{F2A71F9B-5D33-465A-A702-920D77279786}") = "Escalier.Playground", "src\Escalier.Playground\Escalier.Playground.fsproj", "{55D86F0E-9306-4BC1-811B-BC0A0455AF28}"
EndProject
Global
	GlobalSection(SolutionConfigurationPlatforms) = preSolution
		Debug|Any CPU = Debug|Any CPU
		Release|Any CPU = Release|Any CPU
	EndGlobalSection
	GlobalSection(SolutionProperties) = preSolution
		HideSolutionNode = FALSE
	EndGlobalSection
	GlobalSection(ProjectConfigurationPlatforms) = postSolution
		{ECDE29DB-D373-48EF-AAFB-5E74CC122047}.Debug|Any CPU.ActiveCfg = Debug|Any CPU
		{ECDE29DB-D373-48EF-AAFB-5E74CC122047}.Debug|Any CPU.Build.0 = Debug|Any CPU
		{ECDE29DB-D373-48EF-AAFB-5E74CC122047}.Release|Any CPU.ActiveCfg = Release|Any CPU
		{ECDE29DB-D373-48EF-AAFB-5E74CC122047}.Release|Any CPU.Build.0 = Release|Any CPU
		{291F2FF1-DBF2-4899-9464-829B198D16E4}.Debug|Any CPU.ActiveCfg = Debug|Any CPU
		{291F2FF1-DBF2-4899-9464-829B198D16E4}.Debug|Any CPU.Build.0 = Debug|Any CPU
		{291F2FF1-DBF2-4899-9464-829B198D16E4}.Release|Any CPU.ActiveCfg = Release|Any CPU
		{291F2FF1-DBF2-4899-9464-829B198D16E4}.Release|Any CPU.Build.0 = Release|Any CPU
		{0CCF6B5E-D4C9-4E3B-8601-76747E8A8A05}.Debug|Any CPU.ActiveCfg = Debug|Any CPU
		{0CCF6B5E-D4C9-4E3B-8601-76747E8A8A05}.Debug|Any CPU.Build.0 = Debug|Any CPU
		{0CCF6B5E-D4C9-4E3B-8601-76747E8A8A05}.Release|Any CPU.ActiveCfg = Release|Any CPU
		{0CCF6B5E-D4C9-4E3B-8601-76747E8A8A05}.Release|Any CPU.Build.0 = Release|Any CPU
		{27EED578-24C8-4BAE-90C7-5376CE92E437}.Debug|Any CPU.ActiveCfg = Debug|Any CPU
		{27EED578-24C8-4BAE-90C7-5376CE92E437}.Debug|Any CPU.Build.0 = Debug|Any CPU
		{27EED578-24C8-4BAE-90C7-5376CE92E437}.Release|Any CPU.ActiveCfg = Release|Any CPU
		{27EED578-24C8-4BAE-90C7-5376CE92E437}.Release|Any CPU.Build.0 = Release|Any CPU
		{8AD7FF86-E483-42D0-A71D-52754B2BF3A5}.Debug|Any CPU.ActiveCfg = Debug|Any CPU
		{8AD7FF86-E483-42D0-A71D-52754B2BF3A5}.Debug|Any CPU.Build.0 = Debug|Any CPU
		{8AD7FF86-E483-42D0-A71D-52754B2BF3A5}.Release|Any CPU.ActiveCfg = Release|Any CPU
		{8AD7FF86-E483-42D0-A71D-52754B2BF3A5}.Release|Any CPU.Build.0 = Release|Any CPU
		{F3784E73-1D13-4EAD-8D18-CD6BDF3BC69C}.Debug|Any CPU.ActiveCfg = Debug|Any CPU
		{F3784E73-1D13-4EAD-8D18-CD6BDF3BC69C}.Debug|Any CPU.Build.0 = Debug|Any CPU
		{F3784E73-1D13-4EAD-8D18-CD6BDF3BC69C}.Release|Any CPU.ActiveCfg = Release|Any CPU
		{F3784E73-1D13-4EAD-8D18-CD6BDF3BC69C}.Release|Any CPU.Build.0 = Release|Any CPU
		{5D437CF2-4CBD-4912-8E49-5514E17A8511}.Debug|Any CPU.ActiveCfg = Debug|Any CPU
		{5D437CF2-4CBD-4912-8E49-5514E17A8511}.Debug|Any CPU.Build.0 = Debug|Any CPU
		{5D437CF2-4CBD-4912-8E49-5514E17A8511}.Release|Any CPU.ActiveCfg = Release|Any CPU
		{5D437CF2-4CBD-4912-8E49-5514E17A8511}.Release|Any CPU.Build.0 = Release|Any CPU
		{50C20403-EB03-4D2B-941B-55320C1EB970}.Debug|Any CPU.ActiveCfg = Debug|Any CPU
		{50C20403-EB03-4D2B-941B-55320C1EB970}.Debug|Any CPU.Build.0 = Debug|Any CPU
		{50C20403-EB03-4D2B-941B-55320C1EB970}.Release|Any CPU.ActiveCfg = Release|Any CPU
		{50C20403-EB03-4D2B-941B-55320C1EB970}.Release|Any CPU.Build.0 = Release|Any CPU
		{4E47927A-D593-49B9-8A15-25093E115573}.Debug|Any CPU.ActiveCfg = Debug|Any CPU
		{4E47927A-D593-49B9-8A15-25093E115573}.Debug|Any CPU.Build.0 = Debug|Any CPU
		{4E47927A-D593-49B9-8A15-25093E115573}.Release|Any CPU.ActiveCfg = Release|Any CPU
		{4E47927A-D593-49B9-8A15-25093E115573}.Release|Any CPU.Build.0 = Release|Any CPU
		{84858565-B691-4B64-BD7E-F85A14806565}.Debug|Any CPU.ActiveCfg = Debug|Any CPU
		{84858565-B691-4B64-BD7E-F85A14806565}.Debug|Any CPU.Build.0 = Debug|Any CPU
		{84858565-B691-4B64-BD7E-F85A14806565}.Release|Any CPU.ActiveCfg = Release|Any CPU
		{84858565-B691-4B64-BD7E-F85A14806565}.Release|Any CPU.Build.0 = Release|Any CPU
		{475E1222-521A-47EC-B92A-09804AD8744E}.Debug|Any CPU.ActiveCfg = Debug|Any CPU
		{475E1222-521A-47EC-B92A-09804AD8744E}.Debug|Any CPU.Build.0 = Debug|Any CPU
		{475E1222-521A-47EC-B92A-09804AD8744E}.Release|Any CPU.ActiveCfg = Release|Any CPU
		{475E1222-521A-47EC-B92A-09804AD8744E}.Release|Any CPU.Build.0 = Release|Any CPU
		{B8465F05-8A95-4AEE-8C55-0CB686CBD714}.Debug|Any CPU.ActiveCfg = Debug|Any CPU
		{B8465F05-8A95-4AEE-8C55-0CB686CBD714}.Debug|Any CPU.Build.0 = Debug|Any CPU
		{B8465F05-8A95-4AEE-8C55-0CB686CBD714}.Release|Any CPU.ActiveCfg = Release|Any CPU
		{B8465F05-8A95-4AEE-8C55-0CB686CBD714}.Release|Any CPU.Build.0 = Release|Any CPU
		{5A9A2F15-3D6E-4DC1-A772-0BA009380BA8}.Debug|Any CPU.ActiveCfg = Debug|Any CPU
		{5A9A2F15-3D6E-4DC1-A772-0BA009380BA8}.Debug|Any CPU.Build.0 = Debug|Any CPU
		{5A9A2F15-3D6E-4DC1-A772-0BA009380BA8}.Release|Any CPU.ActiveCfg = Release|Any CPU
		{5A9A2F15-3D6E-4DC1-A772-0BA009380BA8}.Release|Any CPU.Build.0 = Release|Any CPU
		{55D86F0E-9306-4BC1-811B-BC0A0455AF28}.Debug|Any CPU.ActiveCfg = Debug|Any CPU
		{55D86F0E-9306-4BC1-811B-BC0A0455AF28}.Debug|Any CPU.Build.0 = Debug|Any CPU
		{55D86F0E-9306-4BC1-811B-BC0A0455AF28}.Release|Any CPU.ActiveCfg = Release|Any CPU
		{55D86F0E-9306-4BC1-811B-BC0A0455AF28}.Release|Any CPU.Build.0 = Release|Any CPU
	EndGlobalSection
	GlobalSection(NestedProjects) = preSolution
		{ECDE29DB-D373-48EF-AAFB-5E74CC122047} = {5AD00356-5D98-4E4F-90BC-6240E4AAF017}
		{291F2FF1-DBF2-4899-9464-829B198D16E4} = {5AD00356-5D98-4E4F-90BC-6240E4AAF017}
		{0CCF6B5E-D4C9-4E3B-8601-76747E8A8A05} = {5AD00356-5D98-4E4F-90BC-6240E4AAF017}
		{27EED578-24C8-4BAE-90C7-5376CE92E437} = {5AD00356-5D98-4E4F-90BC-6240E4AAF017}
		{8AD7FF86-E483-42D0-A71D-52754B2BF3A5} = {5AD00356-5D98-4E4F-90BC-6240E4AAF017}
		{F3784E73-1D13-4EAD-8D18-CD6BDF3BC69C} = {5AD00356-5D98-4E4F-90BC-6240E4AAF017}
		{5D437CF2-4CBD-4912-8E49-5514E17A8511} = {5AD00356-5D98-4E4F-90BC-6240E4AAF017}
		{50C20403-EB03-4D2B-941B-55320C1EB970} = {5AD00356-5D98-4E4F-90BC-6240E4AAF017}
		{4E47927A-D593-49B9-8A15-25093E115573} = {5AD00356-5D98-4E4F-90BC-6240E4AAF017}
		{84858565-B691-4B64-BD7E-F85A14806565} = {5AD00356-5D98-4E4F-90BC-6240E4AAF017}
		{475E1222-521A-47EC-B92A-09804AD8744E} = {5AD00356-5D98-4E4F-90BC-6240E4AAF017}
		{B8465F05-8A95-4AEE-8C55-0CB686CBD714} = {5AD00356-5D98-4E4F-90BC-6240E4AAF017}
		{5A9A2F15-3D6E-4DC1-A772-0BA009380BA8} = {5AD00356-5D98-4E4F-90BC-6240E4AAF017}
		{55D86F0E-9306-4BC1-811B-BC0A0455AF28} = {5AD00356-5D98-4E4F-90BC-6240E4AAF017}
	EndGlobalSection
EndGlobal
